
Microsoft Visual Studio Solution File, Format Version 12.00
# Visual Studio Version 17
VisualStudioVersion = 17.6.33815.320
MinimumVisualStudioVersion = 10.0.40219.1
Project("{9A19103F-16F7-4668-BE54-9A1E7A4F7556}") = "GVPB.Identity.Api", "GVPB.Identity.Api\GVPB.Identity.Api.csproj", "{C07F54A2-B770-4C4E-B728-E871E7651AD4}"
	ProjectSection(ProjectDependencies) = postProject
		{89386B9B-972B-4F39-B76C-FAF4C6BD846C} = {89386B9B-972B-4F39-B76C-FAF4C6BD846C}
	EndProjectSection
EndProject
Project("{9A19103F-16F7-4668-BE54-9A1E7A4F7556}") = "GVPB.Identity.Domain", "GVPB.Identity.Domain\GVPB.Identity.Domain.csproj", "{CB0F6A84-678F-4E4E-989A-0F1CADCFA2F6}"
EndProject
Project("{9A19103F-16F7-4668-BE54-9A1E7A4F7556}") = "GVPB.Identity.Infraestructure", "GVPB.Identity.Infraestructure\GVPB.Identity.Infraestructure.csproj", "{89386B9B-972B-4F39-B76C-FAF4C6BD846C}"
EndProject
Project("{9A19103F-16F7-4668-BE54-9A1E7A4F7556}") = "GVPB.Identity.Application", "GVPB.Identity.Application\GVPB.Identity.Application.csproj", "{B50342A6-D171-4EE1-9F62-48BA5C4992C0}"
EndProject
Project("{E53339B2-1760-4266-BCC7-CA923CBCF16C}") = "docker-compose", "docker-compose.dcproj", "{247A9949-A6F9-4758-A31C-478597308002}"
EndProject
Project("{9A19103F-16F7-4668-BE54-9A1E7A4F7556}") = "GVPB.Identity.Web", "GVPB.Identity.Web\GVPB.Identity.Web.csproj", "{43F25661-0B39-44D2-9161-ED48B03DD8ED}"
EndProject
Project("{9A19103F-16F7-4668-BE54-9A1E7A4F7556}") = "GVPB.Identity.Application.Tests", "..\Tests\UnitTests\GVPB.Identity.Application.Tests\GVPB.Identity.Application.Tests.csproj", "{3C3D5EFA-3114-4D21-8546-6D2C5A106602}"
	ProjectSection(ProjectDependencies) = postProject
		{89386B9B-972B-4F39-B76C-FAF4C6BD846C} = {89386B9B-972B-4F39-B76C-FAF4C6BD846C}
		{B50342A6-D171-4EE1-9F62-48BA5C4992C0} = {B50342A6-D171-4EE1-9F62-48BA5C4992C0}
		{C07F54A2-B770-4C4E-B728-E871E7651AD4} = {C07F54A2-B770-4C4E-B728-E871E7651AD4}
	EndProjectSection
EndProject
Project("{9A19103F-16F7-4668-BE54-9A1E7A4F7556}") = "GVPB.Identity.Api.Tests", "..\Tests\UnitTests\GVPB.Identity.Api.Tests\GVPB.Identity.Api.Tests.csproj", "{ACF25F7B-E737-4691-8A77-47B501621480}"
EndProject
Project("{9A19103F-16F7-4668-BE54-9A1E7A4F7556}") = "GVPB.Identity.Web.Tests", "..\Tests\UnitTests\GVPB.Identity.Web.Tests\GVPB.Identity.Web.Tests.csproj", "{749CCF03-10B1-4A17-B147-13ED3B7BA5F2}"
EndProject
Project("{2150E333-8FDC-42A3-9474-1A3956D46DE8}") = "src", "src", "{8B1EDDAD-6A83-41D6-BABA-45F8F17DC62F}"
EndProject
Project("{2150E333-8FDC-42A3-9474-1A3956D46DE8}") = "Tests", "Tests", "{F642D43F-C8AF-4233-AA6A-9DA2E3DD2585}"
EndProject
Project("{2150E333-8FDC-42A3-9474-1A3956D46DE8}") = "UnitTests", "UnitTests", "{D934A0CD-8324-49A8-9530-DDA8E39930AA}"
EndProject
Project("{9A19103F-16F7-4668-BE54-9A1E7A4F7556}") = "GVPB.Identity.Domain.Tests", "..\Tests\UnitTests\GVPB.Identity.Domain.Tests\GVPB.Identity.Domain.Tests.csproj", "{6DC6341F-0F2C-4B49-8FF3-DB38A0E6FDC2}"
	ProjectSection(ProjectDependencies) = postProject
		{1A63B02D-294A-4724-BF89-513EC4FE88EF} = {1A63B02D-294A-4724-BF89-513EC4FE88EF}
	EndProjectSection
EndProject
Project("{9A19103F-16F7-4668-BE54-9A1E7A4F7556}") = "GVPB.Identity.Infraestructure.Tests", "..\Tests\UnitTests\GVPB.Identity.Infraestructure.Tests\GVPB.Identity.Infraestructure.Tests.csproj", "{E49B97C6-B6B9-4EA5-9098-9C2F4F49C366}"
	ProjectSection(ProjectDependencies) = postProject
		{1A63B02D-294A-4724-BF89-513EC4FE88EF} = {1A63B02D-294A-4724-BF89-513EC4FE88EF}
	EndProjectSection
EndProject
Project("{2150E333-8FDC-42A3-9474-1A3956D46DE8}") = "Common", "Common", "{54696AAD-886B-46BC-8E47-FC032C2F559E}"
EndProject
Project("{9A19103F-16F7-4668-BE54-9A1E7A4F7556}") = "GVPB.Identity.BuildersTests", "..\Tests\Common\GVPB.Identity.BuildersTests\GVPB.Identity.BuildersTests.csproj", "{1A63B02D-294A-4724-BF89-513EC4FE88EF}"
	ProjectSection(ProjectDependencies) = postProject
		{CB0F6A84-678F-4E4E-989A-0F1CADCFA2F6} = {CB0F6A84-678F-4E4E-989A-0F1CADCFA2F6}
	EndProjectSection
EndProject
Project("{9A19103F-16F7-4668-BE54-9A1E7A4F7556}") = "ResxGen", "ResxGen\ResxGen.csproj", "{046662CB-8C8C-496B-A553-0ED5A0D77463}"
EndProject
Project("{2150E333-8FDC-42A3-9474-1A3956D46DE8}") = "Env", "Env", "{057AC914-E7B0-4A88-B888-BA30D322B52F}"
	ProjectSection(SolutionItems) = preProject
		Env\Commons.env = Env\Commons.env
	EndProjectSection
EndProject
Global
	GlobalSection(SolutionConfigurationPlatforms) = preSolution
		Debug|Any CPU = Debug|Any CPU
		Debug|ARM = Debug|ARM
		Debug|ARM64 = Debug|ARM64
		Debug|x64 = Debug|x64
		Debug|x86 = Debug|x86
		Release|Any CPU = Release|Any CPU
		Release|ARM = Release|ARM
		Release|ARM64 = Release|ARM64
		Release|x64 = Release|x64
		Release|x86 = Release|x86
	EndGlobalSection
	GlobalSection(ProjectConfigurationPlatforms) = postSolution
		{C07F54A2-B770-4C4E-B728-E871E7651AD4}.Debug|Any CPU.ActiveCfg = Debug|Any CPU
		{C07F54A2-B770-4C4E-B728-E871E7651AD4}.Debug|Any CPU.Build.0 = Debug|Any CPU
		{C07F54A2-B770-4C4E-B728-E871E7651AD4}.Debug|ARM.ActiveCfg = Debug|Any CPU
		{C07F54A2-B770-4C4E-B728-E871E7651AD4}.Debug|ARM.Build.0 = Debug|Any CPU
		{C07F54A2-B770-4C4E-B728-E871E7651AD4}.Debug|ARM64.ActiveCfg = Debug|Any CPU
		{C07F54A2-B770-4C4E-B728-E871E7651AD4}.Debug|ARM64.Build.0 = Debug|Any CPU
		{C07F54A2-B770-4C4E-B728-E871E7651AD4}.Debug|x64.ActiveCfg = Debug|Any CPU
		{C07F54A2-B770-4C4E-B728-E871E7651AD4}.Debug|x64.Build.0 = Debug|Any CPU
		{C07F54A2-B770-4C4E-B728-E871E7651AD4}.Debug|x86.ActiveCfg = Debug|Any CPU
		{C07F54A2-B770-4C4E-B728-E871E7651AD4}.Debug|x86.Build.0 = Debug|Any CPU
		{C07F54A2-B770-4C4E-B728-E871E7651AD4}.Release|Any CPU.ActiveCfg = Release|Any CPU
		{C07F54A2-B770-4C4E-B728-E871E7651AD4}.Release|Any CPU.Build.0 = Release|Any CPU
		{C07F54A2-B770-4C4E-B728-E871E7651AD4}.Release|ARM.ActiveCfg = Release|Any CPU
		{C07F54A2-B770-4C4E-B728-E871E7651AD4}.Release|ARM.Build.0 = Release|Any CPU
		{C07F54A2-B770-4C4E-B728-E871E7651AD4}.Release|ARM64.ActiveCfg = Release|Any CPU
		{C07F54A2-B770-4C4E-B728-E871E7651AD4}.Release|ARM64.Build.0 = Release|Any CPU
		{C07F54A2-B770-4C4E-B728-E871E7651AD4}.Release|x64.ActiveCfg = Release|Any CPU
		{C07F54A2-B770-4C4E-B728-E871E7651AD4}.Release|x64.Build.0 = Release|Any CPU
		{C07F54A2-B770-4C4E-B728-E871E7651AD4}.Release|x86.ActiveCfg = Release|Any CPU
		{C07F54A2-B770-4C4E-B728-E871E7651AD4}.Release|x86.Build.0 = Release|Any CPU
		{CB0F6A84-678F-4E4E-989A-0F1CADCFA2F6}.Debug|Any CPU.ActiveCfg = Debug|Any CPU
		{CB0F6A84-678F-4E4E-989A-0F1CADCFA2F6}.Debug|Any CPU.Build.0 = Debug|Any CPU
		{CB0F6A84-678F-4E4E-989A-0F1CADCFA2F6}.Debug|ARM.ActiveCfg = Debug|Any CPU
		{CB0F6A84-678F-4E4E-989A-0F1CADCFA2F6}.Debug|ARM.Build.0 = Debug|Any CPU
		{CB0F6A84-678F-4E4E-989A-0F1CADCFA2F6}.Debug|ARM64.ActiveCfg = Debug|Any CPU
		{CB0F6A84-678F-4E4E-989A-0F1CADCFA2F6}.Debug|ARM64.Build.0 = Debug|Any CPU
		{CB0F6A84-678F-4E4E-989A-0F1CADCFA2F6}.Debug|x64.ActiveCfg = Debug|Any CPU
		{CB0F6A84-678F-4E4E-989A-0F1CADCFA2F6}.Debug|x64.Build.0 = Debug|Any CPU
		{CB0F6A84-678F-4E4E-989A-0F1CADCFA2F6}.Debug|x86.ActiveCfg = Debug|Any CPU
		{CB0F6A84-678F-4E4E-989A-0F1CADCFA2F6}.Debug|x86.Build.0 = Debug|Any CPU
		{CB0F6A84-678F-4E4E-989A-0F1CADCFA2F6}.Release|Any CPU.ActiveCfg = Release|Any CPU
		{CB0F6A84-678F-4E4E-989A-0F1CADCFA2F6}.Release|Any CPU.Build.0 = Release|Any CPU
		{CB0F6A84-678F-4E4E-989A-0F1CADCFA2F6}.Release|ARM.ActiveCfg = Release|Any CPU
		{CB0F6A84-678F-4E4E-989A-0F1CADCFA2F6}.Release|ARM.Build.0 = Release|Any CPU
		{CB0F6A84-678F-4E4E-989A-0F1CADCFA2F6}.Release|ARM64.ActiveCfg = Release|Any CPU
		{CB0F6A84-678F-4E4E-989A-0F1CADCFA2F6}.Release|ARM64.Build.0 = Release|Any CPU
		{CB0F6A84-678F-4E4E-989A-0F1CADCFA2F6}.Release|x64.ActiveCfg = Release|Any CPU
		{CB0F6A84-678F-4E4E-989A-0F1CADCFA2F6}.Release|x64.Build.0 = Release|Any CPU
		{CB0F6A84-678F-4E4E-989A-0F1CADCFA2F6}.Release|x86.ActiveCfg = Release|Any CPU
		{CB0F6A84-678F-4E4E-989A-0F1CADCFA2F6}.Release|x86.Build.0 = Release|Any CPU
		{89386B9B-972B-4F39-B76C-FAF4C6BD846C}.Debug|Any CPU.ActiveCfg = Debug|Any CPU
		{89386B9B-972B-4F39-B76C-FAF4C6BD846C}.Debug|Any CPU.Build.0 = Debug|Any CPU
		{89386B9B-972B-4F39-B76C-FAF4C6BD846C}.Debug|ARM.ActiveCfg = Debug|Any CPU
		{89386B9B-972B-4F39-B76C-FAF4C6BD846C}.Debug|ARM.Build.0 = Debug|Any CPU
		{89386B9B-972B-4F39-B76C-FAF4C6BD846C}.Debug|ARM64.ActiveCfg = Debug|Any CPU
		{89386B9B-972B-4F39-B76C-FAF4C6BD846C}.Debug|ARM64.Build.0 = Debug|Any CPU
		{89386B9B-972B-4F39-B76C-FAF4C6BD846C}.Debug|x64.ActiveCfg = Debug|Any CPU
		{89386B9B-972B-4F39-B76C-FAF4C6BD846C}.Debug|x64.Build.0 = Debug|Any CPU
		{89386B9B-972B-4F39-B76C-FAF4C6BD846C}.Debug|x86.ActiveCfg = Debug|Any CPU
		{89386B9B-972B-4F39-B76C-FAF4C6BD846C}.Debug|x86.Build.0 = Debug|Any CPU
		{89386B9B-972B-4F39-B76C-FAF4C6BD846C}.Release|Any CPU.ActiveCfg = Release|Any CPU
		{89386B9B-972B-4F39-B76C-FAF4C6BD846C}.Release|Any CPU.Build.0 = Release|Any CPU
		{89386B9B-972B-4F39-B76C-FAF4C6BD846C}.Release|ARM.ActiveCfg = Release|Any CPU
		{89386B9B-972B-4F39-B76C-FAF4C6BD846C}.Release|ARM.Build.0 = Release|Any CPU
		{89386B9B-972B-4F39-B76C-FAF4C6BD846C}.Release|ARM64.ActiveCfg = Release|Any CPU
		{89386B9B-972B-4F39-B76C-FAF4C6BD846C}.Release|ARM64.Build.0 = Release|Any CPU
		{89386B9B-972B-4F39-B76C-FAF4C6BD846C}.Release|x64.ActiveCfg = Release|Any CPU
		{89386B9B-972B-4F39-B76C-FAF4C6BD846C}.Release|x64.Build.0 = Release|Any CPU
		{89386B9B-972B-4F39-B76C-FAF4C6BD846C}.Release|x86.ActiveCfg = Release|Any CPU
		{89386B9B-972B-4F39-B76C-FAF4C6BD846C}.Release|x86.Build.0 = Release|Any CPU
		{B50342A6-D171-4EE1-9F62-48BA5C4992C0}.Debug|Any CPU.ActiveCfg = Debug|Any CPU
		{B50342A6-D171-4EE1-9F62-48BA5C4992C0}.Debug|Any CPU.Build.0 = Debug|Any CPU
		{B50342A6-D171-4EE1-9F62-48BA5C4992C0}.Debug|ARM.ActiveCfg = Debug|Any CPU
		{B50342A6-D171-4EE1-9F62-48BA5C4992C0}.Debug|ARM.Build.0 = Debug|Any CPU
		{B50342A6-D171-4EE1-9F62-48BA5C4992C0}.Debug|ARM64.ActiveCfg = Debug|Any CPU
		{B50342A6-D171-4EE1-9F62-48BA5C4992C0}.Debug|ARM64.Build.0 = Debug|Any CPU
		{B50342A6-D171-4EE1-9F62-48BA5C4992C0}.Debug|x64.ActiveCfg = Debug|Any CPU
		{B50342A6-D171-4EE1-9F62-48BA5C4992C0}.Debug|x64.Build.0 = Debug|Any CPU
		{B50342A6-D171-4EE1-9F62-48BA5C4992C0}.Debug|x86.ActiveCfg = Debug|Any CPU
		{B50342A6-D171-4EE1-9F62-48BA5C4992C0}.Debug|x86.Build.0 = Debug|Any CPU
		{B50342A6-D171-4EE1-9F62-48BA5C4992C0}.Release|Any CPU.ActiveCfg = Release|Any CPU
		{B50342A6-D171-4EE1-9F62-48BA5C4992C0}.Release|Any CPU.Build.0 = Release|Any CPU
		{B50342A6-D171-4EE1-9F62-48BA5C4992C0}.Release|ARM.ActiveCfg = Release|Any CPU
		{B50342A6-D171-4EE1-9F62-48BA5C4992C0}.Release|ARM.Build.0 = Release|Any CPU
		{B50342A6-D171-4EE1-9F62-48BA5C4992C0}.Release|ARM64.ActiveCfg = Release|Any CPU
		{B50342A6-D171-4EE1-9F62-48BA5C4992C0}.Release|ARM64.Build.0 = Release|Any CPU
		{B50342A6-D171-4EE1-9F62-48BA5C4992C0}.Release|x64.ActiveCfg = Release|Any CPU
		{B50342A6-D171-4EE1-9F62-48BA5C4992C0}.Release|x64.Build.0 = Release|Any CPU
		{B50342A6-D171-4EE1-9F62-48BA5C4992C0}.Release|x86.ActiveCfg = Release|Any CPU
		{B50342A6-D171-4EE1-9F62-48BA5C4992C0}.Release|x86.Build.0 = Release|Any CPU
		{247A9949-A6F9-4758-A31C-478597308002}.Debug|Any CPU.ActiveCfg = Debug|Any CPU
		{247A9949-A6F9-4758-A31C-478597308002}.Debug|Any CPU.Build.0 = Debug|Any CPU
		{247A9949-A6F9-4758-A31C-478597308002}.Debug|ARM.ActiveCfg = Debug|Any CPU
		{247A9949-A6F9-4758-A31C-478597308002}.Debug|ARM.Build.0 = Debug|Any CPU
		{247A9949-A6F9-4758-A31C-478597308002}.Debug|ARM64.ActiveCfg = Debug|Any CPU
		{247A9949-A6F9-4758-A31C-478597308002}.Debug|ARM64.Build.0 = Debug|Any CPU
		{247A9949-A6F9-4758-A31C-478597308002}.Debug|x64.ActiveCfg = Debug|Any CPU
		{247A9949-A6F9-4758-A31C-478597308002}.Debug|x64.Build.0 = Debug|Any CPU
		{247A9949-A6F9-4758-A31C-478597308002}.Debug|x86.ActiveCfg = Debug|Any CPU
		{247A9949-A6F9-4758-A31C-478597308002}.Debug|x86.Build.0 = Debug|Any CPU
		{247A9949-A6F9-4758-A31C-478597308002}.Release|Any CPU.ActiveCfg = Release|Any CPU
		{247A9949-A6F9-4758-A31C-478597308002}.Release|Any CPU.Build.0 = Release|Any CPU
		{247A9949-A6F9-4758-A31C-478597308002}.Release|ARM.ActiveCfg = Release|Any CPU
		{247A9949-A6F9-4758-A31C-478597308002}.Release|ARM.Build.0 = Release|Any CPU
		{247A9949-A6F9-4758-A31C-478597308002}.Release|ARM64.ActiveCfg = Release|Any CPU
		{247A9949-A6F9-4758-A31C-478597308002}.Release|ARM64.Build.0 = Release|Any CPU
		{247A9949-A6F9-4758-A31C-478597308002}.Release|x64.ActiveCfg = Release|Any CPU
		{247A9949-A6F9-4758-A31C-478597308002}.Release|x64.Build.0 = Release|Any CPU
		{247A9949-A6F9-4758-A31C-478597308002}.Release|x86.ActiveCfg = Release|Any CPU
		{247A9949-A6F9-4758-A31C-478597308002}.Release|x86.Build.0 = Release|Any CPU
		{43F25661-0B39-44D2-9161-ED48B03DD8ED}.Debug|Any CPU.ActiveCfg = Debug|Any CPU
		{43F25661-0B39-44D2-9161-ED48B03DD8ED}.Debug|Any CPU.Build.0 = Debug|Any CPU
		{43F25661-0B39-44D2-9161-ED48B03DD8ED}.Debug|ARM.ActiveCfg = Debug|Any CPU
		{43F25661-0B39-44D2-9161-ED48B03DD8ED}.Debug|ARM.Build.0 = Debug|Any CPU
		{43F25661-0B39-44D2-9161-ED48B03DD8ED}.Debug|ARM64.ActiveCfg = Debug|Any CPU
		{43F25661-0B39-44D2-9161-ED48B03DD8ED}.Debug|ARM64.Build.0 = Debug|Any CPU
		{43F25661-0B39-44D2-9161-ED48B03DD8ED}.Debug|x64.ActiveCfg = Debug|Any CPU
		{43F25661-0B39-44D2-9161-ED48B03DD8ED}.Debug|x64.Build.0 = Debug|Any CPU
		{43F25661-0B39-44D2-9161-ED48B03DD8ED}.Debug|x86.ActiveCfg = Debug|Any CPU
		{43F25661-0B39-44D2-9161-ED48B03DD8ED}.Debug|x86.Build.0 = Debug|Any CPU
		{43F25661-0B39-44D2-9161-ED48B03DD8ED}.Release|Any CPU.ActiveCfg = Release|Any CPU
		{43F25661-0B39-44D2-9161-ED48B03DD8ED}.Release|Any CPU.Build.0 = Release|Any CPU
		{43F25661-0B39-44D2-9161-ED48B03DD8ED}.Release|ARM.ActiveCfg = Release|Any CPU
		{43F25661-0B39-44D2-9161-ED48B03DD8ED}.Release|ARM.Build.0 = Release|Any CPU
		{43F25661-0B39-44D2-9161-ED48B03DD8ED}.Release|ARM64.ActiveCfg = Release|Any CPU
		{43F25661-0B39-44D2-9161-ED48B03DD8ED}.Release|ARM64.Build.0 = Release|Any CPU
		{43F25661-0B39-44D2-9161-ED48B03DD8ED}.Release|x64.ActiveCfg = Release|Any CPU
		{43F25661-0B39-44D2-9161-ED48B03DD8ED}.Release|x64.Build.0 = Release|Any CPU
		{43F25661-0B39-44D2-9161-ED48B03DD8ED}.Release|x86.ActiveCfg = Release|Any CPU
		{43F25661-0B39-44D2-9161-ED48B03DD8ED}.Release|x86.Build.0 = Release|Any CPU
		{3C3D5EFA-3114-4D21-8546-6D2C5A106602}.Debug|Any CPU.ActiveCfg = Debug|Any CPU
		{3C3D5EFA-3114-4D21-8546-6D2C5A106602}.Debug|Any CPU.Build.0 = Debug|Any CPU
		{3C3D5EFA-3114-4D21-8546-6D2C5A106602}.Debug|ARM.ActiveCfg = Debug|Any CPU
		{3C3D5EFA-3114-4D21-8546-6D2C5A106602}.Debug|ARM.Build.0 = Debug|Any CPU
		{3C3D5EFA-3114-4D21-8546-6D2C5A106602}.Debug|ARM64.ActiveCfg = Debug|Any CPU
		{3C3D5EFA-3114-4D21-8546-6D2C5A106602}.Debug|ARM64.Build.0 = Debug|Any CPU
		{3C3D5EFA-3114-4D21-8546-6D2C5A106602}.Debug|x64.ActiveCfg = Debug|Any CPU
		{3C3D5EFA-3114-4D21-8546-6D2C5A106602}.Debug|x64.Build.0 = Debug|Any CPU
		{3C3D5EFA-3114-4D21-8546-6D2C5A106602}.Debug|x86.ActiveCfg = Debug|Any CPU
		{3C3D5EFA-3114-4D21-8546-6D2C5A106602}.Debug|x86.Build.0 = Debug|Any CPU
		{3C3D5EFA-3114-4D21-8546-6D2C5A106602}.Release|Any CPU.ActiveCfg = Release|Any CPU
		{3C3D5EFA-3114-4D21-8546-6D2C5A106602}.Release|Any CPU.Build.0 = Release|Any CPU
		{3C3D5EFA-3114-4D21-8546-6D2C5A106602}.Release|ARM.ActiveCfg = Release|Any CPU
		{3C3D5EFA-3114-4D21-8546-6D2C5A106602}.Release|ARM.Build.0 = Release|Any CPU
		{3C3D5EFA-3114-4D21-8546-6D2C5A106602}.Release|ARM64.ActiveCfg = Release|Any CPU
		{3C3D5EFA-3114-4D21-8546-6D2C5A106602}.Release|ARM64.Build.0 = Release|Any CPU
		{3C3D5EFA-3114-4D21-8546-6D2C5A106602}.Release|x64.ActiveCfg = Release|Any CPU
		{3C3D5EFA-3114-4D21-8546-6D2C5A106602}.Release|x64.Build.0 = Release|Any CPU
		{3C3D5EFA-3114-4D21-8546-6D2C5A106602}.Release|x86.ActiveCfg = Release|Any CPU
		{3C3D5EFA-3114-4D21-8546-6D2C5A106602}.Release|x86.Build.0 = Release|Any CPU
		{ACF25F7B-E737-4691-8A77-47B501621480}.Debug|Any CPU.ActiveCfg = Debug|Any CPU
		{ACF25F7B-E737-4691-8A77-47B501621480}.Debug|Any CPU.Build.0 = Debug|Any CPU
		{ACF25F7B-E737-4691-8A77-47B501621480}.Debug|ARM.ActiveCfg = Debug|Any CPU
		{ACF25F7B-E737-4691-8A77-47B501621480}.Debug|ARM.Build.0 = Debug|Any CPU
		{ACF25F7B-E737-4691-8A77-47B501621480}.Debug|ARM64.ActiveCfg = Debug|Any CPU
		{ACF25F7B-E737-4691-8A77-47B501621480}.Debug|ARM64.Build.0 = Debug|Any CPU
		{ACF25F7B-E737-4691-8A77-47B501621480}.Debug|x64.ActiveCfg = Debug|Any CPU
		{ACF25F7B-E737-4691-8A77-47B501621480}.Debug|x64.Build.0 = Debug|Any CPU
		{ACF25F7B-E737-4691-8A77-47B501621480}.Debug|x86.ActiveCfg = Debug|Any CPU
		{ACF25F7B-E737-4691-8A77-47B501621480}.Debug|x86.Build.0 = Debug|Any CPU
		{ACF25F7B-E737-4691-8A77-47B501621480}.Release|Any CPU.ActiveCfg = Release|Any CPU
		{ACF25F7B-E737-4691-8A77-47B501621480}.Release|Any CPU.Build.0 = Release|Any CPU
		{ACF25F7B-E737-4691-8A77-47B501621480}.Release|ARM.ActiveCfg = Release|Any CPU
		{ACF25F7B-E737-4691-8A77-47B501621480}.Release|ARM.Build.0 = Release|Any CPU
		{ACF25F7B-E737-4691-8A77-47B501621480}.Release|ARM64.ActiveCfg = Release|Any CPU
		{ACF25F7B-E737-4691-8A77-47B501621480}.Release|ARM64.Build.0 = Release|Any CPU
		{ACF25F7B-E737-4691-8A77-47B501621480}.Release|x64.ActiveCfg = Release|Any CPU
		{ACF25F7B-E737-4691-8A77-47B501621480}.Release|x64.Build.0 = Release|Any CPU
		{ACF25F7B-E737-4691-8A77-47B501621480}.Release|x86.ActiveCfg = Release|Any CPU
		{ACF25F7B-E737-4691-8A77-47B501621480}.Release|x86.Build.0 = Release|Any CPU
		{749CCF03-10B1-4A17-B147-13ED3B7BA5F2}.Debug|Any CPU.ActiveCfg = Debug|Any CPU
		{749CCF03-10B1-4A17-B147-13ED3B7BA5F2}.Debug|Any CPU.Build.0 = Debug|Any CPU
		{749CCF03-10B1-4A17-B147-13ED3B7BA5F2}.Debug|ARM.ActiveCfg = Debug|Any CPU
		{749CCF03-10B1-4A17-B147-13ED3B7BA5F2}.Debug|ARM.Build.0 = Debug|Any CPU
		{749CCF03-10B1-4A17-B147-13ED3B7BA5F2}.Debug|ARM64.ActiveCfg = Debug|Any CPU
		{749CCF03-10B1-4A17-B147-13ED3B7BA5F2}.Debug|ARM64.Build.0 = Debug|Any CPU
		{749CCF03-10B1-4A17-B147-13ED3B7BA5F2}.Debug|x64.ActiveCfg = Debug|Any CPU
		{749CCF03-10B1-4A17-B147-13ED3B7BA5F2}.Debug|x64.Build.0 = Debug|Any CPU
		{749CCF03-10B1-4A17-B147-13ED3B7BA5F2}.Debug|x86.ActiveCfg = Debug|Any CPU
		{749CCF03-10B1-4A17-B147-13ED3B7BA5F2}.Debug|x86.Build.0 = Debug|Any CPU
		{749CCF03-10B1-4A17-B147-13ED3B7BA5F2}.Release|Any CPU.ActiveCfg = Release|Any CPU
		{749CCF03-10B1-4A17-B147-13ED3B7BA5F2}.Release|Any CPU.Build.0 = Release|Any CPU
		{749CCF03-10B1-4A17-B147-13ED3B7BA5F2}.Release|ARM.ActiveCfg = Release|Any CPU
		{749CCF03-10B1-4A17-B147-13ED3B7BA5F2}.Release|ARM.Build.0 = Release|Any CPU
		{749CCF03-10B1-4A17-B147-13ED3B7BA5F2}.Release|ARM64.ActiveCfg = Release|Any CPU
		{749CCF03-10B1-4A17-B147-13ED3B7BA5F2}.Release|ARM64.Build.0 = Release|Any CPU
		{749CCF03-10B1-4A17-B147-13ED3B7BA5F2}.Release|x64.ActiveCfg = Release|Any CPU
		{749CCF03-10B1-4A17-B147-13ED3B7BA5F2}.Release|x64.Build.0 = Release|Any CPU
		{749CCF03-10B1-4A17-B147-13ED3B7BA5F2}.Release|x86.ActiveCfg = Release|Any CPU
		{749CCF03-10B1-4A17-B147-13ED3B7BA5F2}.Release|x86.Build.0 = Release|Any CPU
		{6DC6341F-0F2C-4B49-8FF3-DB38A0E6FDC2}.Debug|Any CPU.ActiveCfg = Debug|Any CPU
		{6DC6341F-0F2C-4B49-8FF3-DB38A0E6FDC2}.Debug|Any CPU.Build.0 = Debug|Any CPU
		{6DC6341F-0F2C-4B49-8FF3-DB38A0E6FDC2}.Debug|ARM.ActiveCfg = Debug|Any CPU
		{6DC6341F-0F2C-4B49-8FF3-DB38A0E6FDC2}.Debug|ARM.Build.0 = Debug|Any CPU
		{6DC6341F-0F2C-4B49-8FF3-DB38A0E6FDC2}.Debug|ARM64.ActiveCfg = Debug|Any CPU
		{6DC6341F-0F2C-4B49-8FF3-DB38A0E6FDC2}.Debug|ARM64.Build.0 = Debug|Any CPU
		{6DC6341F-0F2C-4B49-8FF3-DB38A0E6FDC2}.Debug|x64.ActiveCfg = Debug|Any CPU
		{6DC6341F-0F2C-4B49-8FF3-DB38A0E6FDC2}.Debug|x64.Build.0 = Debug|Any CPU
		{6DC6341F-0F2C-4B49-8FF3-DB38A0E6FDC2}.Debug|x86.ActiveCfg = Debug|Any CPU
		{6DC6341F-0F2C-4B49-8FF3-DB38A0E6FDC2}.Debug|x86.Build.0 = Debug|Any CPU
		{6DC6341F-0F2C-4B49-8FF3-DB38A0E6FDC2}.Release|Any CPU.ActiveCfg = Release|Any CPU
		{6DC6341F-0F2C-4B49-8FF3-DB38A0E6FDC2}.Release|Any CPU.Build.0 = Release|Any CPU
		{6DC6341F-0F2C-4B49-8FF3-DB38A0E6FDC2}.Release|ARM.ActiveCfg = Release|Any CPU
		{6DC6341F-0F2C-4B49-8FF3-DB38A0E6FDC2}.Release|ARM.Build.0 = Release|Any CPU
		{6DC6341F-0F2C-4B49-8FF3-DB38A0E6FDC2}.Release|ARM64.ActiveCfg = Release|Any CPU
		{6DC6341F-0F2C-4B49-8FF3-DB38A0E6FDC2}.Release|ARM64.Build.0 = Release|Any CPU
		{6DC6341F-0F2C-4B49-8FF3-DB38A0E6FDC2}.Release|x64.ActiveCfg = Release|Any CPU
		{6DC6341F-0F2C-4B49-8FF3-DB38A0E6FDC2}.Release|x64.Build.0 = Release|Any CPU
		{6DC6341F-0F2C-4B49-8FF3-DB38A0E6FDC2}.Release|x86.ActiveCfg = Release|Any CPU
		{6DC6341F-0F2C-4B49-8FF3-DB38A0E6FDC2}.Release|x86.Build.0 = Release|Any CPU
		{E49B97C6-B6B9-4EA5-9098-9C2F4F49C366}.Debug|Any CPU.ActiveCfg = Debug|Any CPU
		{E49B97C6-B6B9-4EA5-9098-9C2F4F49C366}.Debug|Any CPU.Build.0 = Debug|Any CPU
		{E49B97C6-B6B9-4EA5-9098-9C2F4F49C366}.Debug|ARM.ActiveCfg = Debug|Any CPU
		{E49B97C6-B6B9-4EA5-9098-9C2F4F49C366}.Debug|ARM.Build.0 = Debug|Any CPU
		{E49B97C6-B6B9-4EA5-9098-9C2F4F49C366}.Debug|ARM64.ActiveCfg = Debug|Any CPU
		{E49B97C6-B6B9-4EA5-9098-9C2F4F49C366}.Debug|ARM64.Build.0 = Debug|Any CPU
		{E49B97C6-B6B9-4EA5-9098-9C2F4F49C366}.Debug|x64.ActiveCfg = Debug|Any CPU
		{E49B97C6-B6B9-4EA5-9098-9C2F4F49C366}.Debug|x64.Build.0 = Debug|Any CPU
		{E49B97C6-B6B9-4EA5-9098-9C2F4F49C366}.Debug|x86.ActiveCfg = Debug|Any CPU
		{E49B97C6-B6B9-4EA5-9098-9C2F4F49C366}.Debug|x86.Build.0 = Debug|Any CPU
		{E49B97C6-B6B9-4EA5-9098-9C2F4F49C366}.Release|Any CPU.ActiveCfg = Release|Any CPU
		{E49B97C6-B6B9-4EA5-9098-9C2F4F49C366}.Release|Any CPU.Build.0 = Release|Any CPU
		{E49B97C6-B6B9-4EA5-9098-9C2F4F49C366}.Release|ARM.ActiveCfg = Release|Any CPU
		{E49B97C6-B6B9-4EA5-9098-9C2F4F49C366}.Release|ARM.Build.0 = Release|Any CPU
		{E49B97C6-B6B9-4EA5-9098-9C2F4F49C366}.Release|ARM64.ActiveCfg = Release|Any CPU
		{E49B97C6-B6B9-4EA5-9098-9C2F4F49C366}.Release|ARM64.Build.0 = Release|Any CPU
		{E49B97C6-B6B9-4EA5-9098-9C2F4F49C366}.Release|x64.ActiveCfg = Release|Any CPU
		{E49B97C6-B6B9-4EA5-9098-9C2F4F49C366}.Release|x64.Build.0 = Release|Any CPU
		{E49B97C6-B6B9-4EA5-9098-9C2F4F49C366}.Release|x86.ActiveCfg = Release|Any CPU
		{E49B97C6-B6B9-4EA5-9098-9C2F4F49C366}.Release|x86.Build.0 = Release|Any CPU
		{1A63B02D-294A-4724-BF89-513EC4FE88EF}.Debug|Any CPU.ActiveCfg = Debug|Any CPU
		{1A63B02D-294A-4724-BF89-513EC4FE88EF}.Debug|Any CPU.Build.0 = Debug|Any CPU
		{1A63B02D-294A-4724-BF89-513EC4FE88EF}.Debug|ARM.ActiveCfg = Debug|Any CPU
		{1A63B02D-294A-4724-BF89-513EC4FE88EF}.Debug|ARM.Build.0 = Debug|Any CPU
		{1A63B02D-294A-4724-BF89-513EC4FE88EF}.Debug|ARM64.ActiveCfg = Debug|Any CPU
		{1A63B02D-294A-4724-BF89-513EC4FE88EF}.Debug|ARM64.Build.0 = Debug|Any CPU
		{1A63B02D-294A-4724-BF89-513EC4FE88EF}.Debug|x64.ActiveCfg = Debug|Any CPU
		{1A63B02D-294A-4724-BF89-513EC4FE88EF}.Debug|x64.Build.0 = Debug|Any CPU
		{1A63B02D-294A-4724-BF89-513EC4FE88EF}.Debug|x86.ActiveCfg = Debug|Any CPU
		{1A63B02D-294A-4724-BF89-513EC4FE88EF}.Debug|x86.Build.0 = Debug|Any CPU
		{1A63B02D-294A-4724-BF89-513EC4FE88EF}.Release|Any CPU.ActiveCfg = Release|Any CPU
		{1A63B02D-294A-4724-BF89-513EC4FE88EF}.Release|Any CPU.Build.0 = Release|Any CPU
		{1A63B02D-294A-4724-BF89-513EC4FE88EF}.Release|ARM.ActiveCfg = Release|Any CPU
		{1A63B02D-294A-4724-BF89-513EC4FE88EF}.Release|ARM.Build.0 = Release|Any CPU
		{1A63B02D-294A-4724-BF89-513EC4FE88EF}.Release|ARM64.ActiveCfg = Release|Any CPU
		{1A63B02D-294A-4724-BF89-513EC4FE88EF}.Release|ARM64.Build.0 = Release|Any CPU
		{1A63B02D-294A-4724-BF89-513EC4FE88EF}.Release|x64.ActiveCfg = Release|Any CPU
		{1A63B02D-294A-4724-BF89-513EC4FE88EF}.Release|x64.Build.0 = Release|Any CPU
		{1A63B02D-294A-4724-BF89-513EC4FE88EF}.Release|x86.ActiveCfg = Release|Any CPU
		{1A63B02D-294A-4724-BF89-513EC4FE88EF}.Release|x86.Build.0 = Release|Any CPU
		{046662CB-8C8C-496B-A553-0ED5A0D77463}.Debug|Any CPU.ActiveCfg = Debug|Any CPU
		{046662CB-8C8C-496B-A553-0ED5A0D77463}.Debug|Any CPU.Build.0 = Debug|Any CPU
		{046662CB-8C8C-496B-A553-0ED5A0D77463}.Debug|ARM.ActiveCfg = Debug|Any CPU
		{046662CB-8C8C-496B-A553-0ED5A0D77463}.Debug|ARM.Build.0 = Debug|Any CPU
		{046662CB-8C8C-496B-A553-0ED5A0D77463}.Debug|ARM64.ActiveCfg = Debug|Any CPU
		{046662CB-8C8C-496B-A553-0ED5A0D77463}.Debug|ARM64.Build.0 = Debug|Any CPU
		{046662CB-8C8C-496B-A553-0ED5A0D77463}.Debug|x64.ActiveCfg = Debug|Any CPU
		{046662CB-8C8C-496B-A553-0ED5A0D77463}.Debug|x64.Build.0 = Debug|Any CPU
		{046662CB-8C8C-496B-A553-0ED5A0D77463}.Debug|x86.ActiveCfg = Debug|Any CPU
		{046662CB-8C8C-496B-A553-0ED5A0D77463}.Debug|x86.Build.0 = Debug|Any CPU
		{046662CB-8C8C-496B-A553-0ED5A0D77463}.Release|Any CPU.ActiveCfg = Release|Any CPU
		{046662CB-8C8C-496B-A553-0ED5A0D77463}.Release|Any CPU.Build.0 = Release|Any CPU
		{046662CB-8C8C-496B-A553-0ED5A0D77463}.Release|ARM.ActiveCfg = Release|Any CPU
		{046662CB-8C8C-496B-A553-0ED5A0D77463}.Release|ARM.Build.0 = Release|Any CPU
		{046662CB-8C8C-496B-A553-0ED5A0D77463}.Release|ARM64.ActiveCfg = Release|Any CPU
		{046662CB-8C8C-496B-A553-0ED5A0D77463}.Release|ARM64.Build.0 = Release|Any CPU
		{046662CB-8C8C-496B-A553-0ED5A0D77463}.Release|x64.ActiveCfg = Release|Any CPU
		{046662CB-8C8C-496B-A553-0ED5A0D77463}.Release|x64.Build.0 = Release|Any CPU
		{046662CB-8C8C-496B-A553-0ED5A0D77463}.Release|x86.ActiveCfg = Release|Any CPU
		{046662CB-8C8C-496B-A553-0ED5A0D77463}.Release|x86.Build.0 = Release|Any CPU
	EndGlobalSection
	GlobalSection(SolutionProperties) = preSolution
		HideSolutionNode = FALSE
	EndGlobalSection
	GlobalSection(NestedProjects) = preSolution
		{C07F54A2-B770-4C4E-B728-E871E7651AD4} = {8B1EDDAD-6A83-41D6-BABA-45F8F17DC62F}
		{CB0F6A84-678F-4E4E-989A-0F1CADCFA2F6} = {8B1EDDAD-6A83-41D6-BABA-45F8F17DC62F}
		{89386B9B-972B-4F39-B76C-FAF4C6BD846C} = {8B1EDDAD-6A83-41D6-BABA-45F8F17DC62F}
		{B50342A6-D171-4EE1-9F62-48BA5C4992C0} = {8B1EDDAD-6A83-41D6-BABA-45F8F17DC62F}
		{247A9949-A6F9-4758-A31C-478597308002} = {8B1EDDAD-6A83-41D6-BABA-45F8F17DC62F}
		{43F25661-0B39-44D2-9161-ED48B03DD8ED} = {8B1EDDAD-6A83-41D6-BABA-45F8F17DC62F}
		{3C3D5EFA-3114-4D21-8546-6D2C5A106602} = {D934A0CD-8324-49A8-9530-DDA8E39930AA}
		{ACF25F7B-E737-4691-8A77-47B501621480} = {D934A0CD-8324-49A8-9530-DDA8E39930AA}
		{749CCF03-10B1-4A17-B147-13ED3B7BA5F2} = {D934A0CD-8324-49A8-9530-DDA8E39930AA}
		{D934A0CD-8324-49A8-9530-DDA8E39930AA} = {F642D43F-C8AF-4233-AA6A-9DA2E3DD2585}
		{6DC6341F-0F2C-4B49-8FF3-DB38A0E6FDC2} = {D934A0CD-8324-49A8-9530-DDA8E39930AA}
		{E49B97C6-B6B9-4EA5-9098-9C2F4F49C366} = {D934A0CD-8324-49A8-9530-DDA8E39930AA}
		{54696AAD-886B-46BC-8E47-FC032C2F559E} = {F642D43F-C8AF-4233-AA6A-9DA2E3DD2585}
		{1A63B02D-294A-4724-BF89-513EC4FE88EF} = {54696AAD-886B-46BC-8E47-FC032C2F559E}
		{046662CB-8C8C-496B-A553-0ED5A0D77463} = {8B1EDDAD-6A83-41D6-BABA-45F8F17DC62F}
	EndGlobalSection
	GlobalSection(ExtensibilityGlobals) = postSolution
		SolutionGuid = {FC4739B4-3D01-4EAC-86AB-635AEB79A917}
	EndGlobalSection
EndGlobal
